
Microsoft Visual Studio Solution File, Format Version 12.00
# Visual Studio Version 17
VisualStudioVersion = 17.8.34330.188
MinimumVisualStudioVersion = 10.0.40219.1
Project("{FAE04EC0-301F-11D3-BF4B-00C04F79EFBC}") = "CalculatorIMC.Android", "CalculatorIMC.Android\CalculatorIMC.Android.csproj", "{AFBE669F-2E2C-4868-9572-9A10BEB1233C}"
EndProject
Project("{FAE04EC0-301F-11D3-BF4B-00C04F79EFBC}") = "CalculatorIMC", "CalculatorIMC\CalculatorIMC.csproj", "{C45A23F7-BC27-48AC-A9F3-340965DEB417}"
EndProject
Global
	GlobalSection(SolutionConfigurationPlatforms) = preSolution
		Debug|Any CPU = Debug|Any CPU
		Release|Any CPU = Release|Any CPU
	EndGlobalSection
	GlobalSection(ProjectConfigurationPlatforms) = postSolution
		{AFBE669F-2E2C-4868-9572-9A10BEB1233C}.Debug|Any CPU.ActiveCfg = Debug|Any CPU
		{AFBE669F-2E2C-4868-9572-9A10BEB1233C}.Debug|Any CPU.Build.0 = Debug|Any CPU
		{AFBE669F-2E2C-4868-9572-9A10BEB1233C}.Debug|Any CPU.Deploy.0 = Debug|Any CPU
		{AFBE669F-2E2C-4868-9572-9A10BEB1233C}.Release|Any CPU.ActiveCfg = Release|Any CPU
		{AFBE669F-2E2C-4868-9572-9A10BEB1233C}.Release|Any CPU.Build.0 = Release|Any CPU
		{AFBE669F-2E2C-4868-9572-9A10BEB1233C}.Release|Any CPU.Deploy.0 = Release|Any CPU
		{C45A23F7-BC27-48AC-A9F3-340965DEB417}.Debug|Any CPU.ActiveCfg = Debug|Any CPU
		{C45A23F7-BC27-48AC-A9F3-340965DEB417}.Debug|Any CPU.Build.0 = Debug|Any CPU
		{C45A23F7-BC27-48AC-A9F3-340965DEB417}.Debug|Any CPU.Deploy.0 = Debug|Any CPU
		{C45A23F7-BC27-48AC-A9F3-340965DEB417}.Release|Any CPU.ActiveCfg = Release|Any CPU
		{C45A23F7-BC27-48AC-A9F3-340965DEB417}.Release|Any CPU.Build.0 = Release|Any CPU
		{C45A23F7-BC27-48AC-A9F3-340965DEB417}.Release|Any CPU.Deploy.0 = Release|Any CPU
	EndGlobalSection
	GlobalSection(SolutionProperties) = preSolution
		HideSolutionNode = FALSE
	EndGlobalSection
	GlobalSection(ExtensibilityGlobals) = postSolution
		SolutionGuid = {39F0181E-2713-4214-8CA5-2E2B2475C8B7}
	EndGlobalSection
EndGlobal
